// !$*UTF8*$!
{
	archiveVersion = 1;
	classes = {
	};
	objectVersion = 50;
	objects = {

/* Begin PBXBuildFile section */
		9B8511BF23D09BDB00CFDC42 /* MyViewController.swift in Sources */ = {isa = PBXBuildFile; fileRef = 9B8511BE23D09BDB00CFDC42 /* MyViewController.swift */; };
		9B8511C123D09BFE00CFDC42 /* MyCustomCell.swift in Sources */ = {isa = PBXBuildFile; fileRef = 9B8511C023D09BFE00CFDC42 /* MyCustomCell.swift */; };
		9B8511C323D09C0C00CFDC42 /* MyDetailViewController.swift in Sources */ = {isa = PBXBuildFile; fileRef = 9B8511C223D09C0C00CFDC42 /* MyDetailViewController.swift */; };
		9BF13C3423CF54E300257B58 /* AppDelegate.swift in Sources */ = {isa = PBXBuildFile; fileRef = 9BF13C3323CF54E300257B58 /* AppDelegate.swift */; };
		9BF13C3623CF54E300257B58 /* SceneDelegate.swift in Sources */ = {isa = PBXBuildFile; fileRef = 9BF13C3523CF54E300257B58 /* SceneDelegate.swift */; };
		9BF13C3B23CF54E300257B58 /* Main.storyboard in Resources */ = {isa = PBXBuildFile; fileRef = 9BF13C3923CF54E300257B58 /* Main.storyboard */; };
		9BF13C3D23CF54E400257B58 /* Assets.xcassets in Resources */ = {isa = PBXBuildFile; fileRef = 9BF13C3C23CF54E400257B58 /* Assets.xcassets */; };
		9BF13C4023CF54E400257B58 /* LaunchScreen.storyboard in Resources */ = {isa = PBXBuildFile; fileRef = 9BF13C3E23CF54E400257B58 /* LaunchScreen.storyboard */; };
		9BF13C4E23CF563200257B58 /* CoreDataStack.swift in Sources */ = {isa = PBXBuildFile; fileRef = 9BF13C4D23CF563200257B58 /* CoreDataStack.swift */; };
		9BF13C5123CF565A00257B58 /* UserData.xcdatamodeld in Sources */ = {isa = PBXBuildFile; fileRef = 9BF13C4F23CF565A00257B58 /* UserData.xcdatamodeld */; };
		9BF13C5423CF57B900257B58 /* Student+CoreDataClass.swift in Sources */ = {isa = PBXBuildFile; fileRef = 9BF13C5223CF57B900257B58 /* Student+CoreDataClass.swift */; };
		9BF13C5523CF57B900257B58 /* Student+CoreDataProperties.swift in Sources */ = {isa = PBXBuildFile; fileRef = 9BF13C5323CF57B900257B58 /* Student+CoreDataProperties.swift */; };
/* End PBXBuildFile section */

/* Begin PBXFileReference section */
		9B8511BE23D09BDB00CFDC42 /* MyViewController.swift */ = {isa = PBXFileReference; lastKnownFileType = sourcecode.swift; path = MyViewController.swift; sourceTree = "<group>"; };
		9B8511C023D09BFE00CFDC42 /* MyCustomCell.swift */ = {isa = PBXFileReference; lastKnownFileType = sourcecode.swift; path = MyCustomCell.swift; sourceTree = "<group>"; };
		9B8511C223D09C0C00CFDC42 /* MyDetailViewController.swift */ = {isa = PBXFileReference; lastKnownFileType = sourcecode.swift; path = MyDetailViewController.swift; sourceTree = "<group>"; };
		9BF13C3023CF54E300257B58 /* DataCustom.app */ = {isa = PBXFileReference; explicitFileType = wrapper.application; includeInIndex = 0; path = DataCustom.app; sourceTree = BUILT_PRODUCTS_DIR; };
		9BF13C3323CF54E300257B58 /* AppDelegate.swift */ = {isa = PBXFileReference; lastKnownFileType = sourcecode.swift; path = AppDelegate.swift; sourceTree = "<group>"; };
		9BF13C3523CF54E300257B58 /* SceneDelegate.swift */ = {isa = PBXFileReference; lastKnownFileType = sourcecode.swift; path = SceneDelegate.swift; sourceTree = "<group>"; };
		9BF13C3A23CF54E300257B58 /* Base */ = {isa = PBXFileReference; lastKnownFileType = file.storyboard; name = Base; path = Base.lproj/Main.storyboard; sourceTree = "<group>"; };
		9BF13C3C23CF54E400257B58 /* Assets.xcassets */ = {isa = PBXFileReference; lastKnownFileType = folder.assetcatalog; path = Assets.xcassets; sourceTree = "<group>"; };
		9BF13C3F23CF54E400257B58 /* Base */ = {isa = PBXFileReference; lastKnownFileType = file.storyboard; name = Base; path = Base.lproj/LaunchScreen.storyboard; sourceTree = "<group>"; };
		9BF13C4123CF54E400257B58 /* Info.plist */ = {isa = PBXFileReference; lastKnownFileType = text.plist.xml; path = Info.plist; sourceTree = "<group>"; };
		9BF13C4D23CF563200257B58 /* CoreDataStack.swift */ = {isa = PBXFileReference; lastKnownFileType = sourcecode.swift; path = CoreDataStack.swift; sourceTree = "<group>"; };
		9BF13C5023CF565A00257B58 /* UserData.xcdatamodel */ = {isa = PBXFileReference; lastKnownFileType = wrapper.xcdatamodel; path = UserData.xcdatamodel; sourceTree = "<group>"; };
		9BF13C5223CF57B900257B58 /* Student+CoreDataClass.swift */ = {isa = PBXFileReference; lastKnownFileType = sourcecode.swift; path = "Student+CoreDataClass.swift"; sourceTree = "<group>"; };
		9BF13C5323CF57B900257B58 /* Student+CoreDataProperties.swift */ = {isa = PBXFileReference; lastKnownFileType = sourcecode.swift; path = "Student+CoreDataProperties.swift"; sourceTree = "<group>"; };
/* End PBXFileReference section */

/* Begin PBXFrameworksBuildPhase section */
		9BF13C2D23CF54E300257B58 /* Frameworks */ = {
			isa = PBXFrameworksBuildPhase;
			buildActionMask = 2147483647;
			files = (
			);
			runOnlyForDeploymentPostprocessing = 0;
		};
/* End PBXFrameworksBuildPhase section */

/* Begin PBXGroup section */
		9BF13C2723CF54E300257B58 = {
			isa = PBXGroup;
			children = (
				9BF13C3223CF54E300257B58 /* DataCustom */,
				9BF13C3123CF54E300257B58 /* Products */,
			);
			sourceTree = "<group>";
		};
		9BF13C3123CF54E300257B58 /* Products */ = {
			isa = PBXGroup;
			children = (
				9BF13C3023CF54E300257B58 /* DataCustom.app */,
			);
			name = Products;
			sourceTree = "<group>";
		};
		9BF13C3223CF54E300257B58 /* DataCustom */ = {
			isa = PBXGroup;
			children = (
				9BF13C5223CF57B900257B58 /* Student+CoreDataClass.swift */,
				9BF13C5323CF57B900257B58 /* Student+CoreDataProperties.swift */,
				9BF13C3323CF54E300257B58 /* AppDelegate.swift */,
				9BF13C3523CF54E300257B58 /* SceneDelegate.swift */,
				9BF13C3923CF54E300257B58 /* Main.storyboard */,
				9BF13C3C23CF54E400257B58 /* Assets.xcassets */,
				9BF13C3E23CF54E400257B58 /* LaunchScreen.storyboard */,
				9BF13C4123CF54E400257B58 /* Info.plist */,
				9BF13C4D23CF563200257B58 /* CoreDataStack.swift */,
				9BF13C4F23CF565A00257B58 /* UserData.xcdatamodeld */,
				9B8511BE23D09BDB00CFDC42 /* MyViewController.swift */,
				9B8511C023D09BFE00CFDC42 /* MyCustomCell.swift */,
				9B8511C223D09C0C00CFDC42 /* MyDetailViewController.swift */,
			);
			path = DataCustom;
			sourceTree = "<group>";
		};
/* End PBXGroup section */

/* Begin PBXNativeTarget section */
		9BF13C2F23CF54E300257B58 /* DataCustom */ = {
			isa = PBXNativeTarget;
			buildConfigurationList = 9BF13C4423CF54E400257B58 /* Build configuration list for PBXNativeTarget "DataCustom" */;
			buildPhases = (
				9BF13C2C23CF54E300257B58 /* Sources */,
				9BF13C2D23CF54E300257B58 /* Frameworks */,
				9BF13C2E23CF54E300257B58 /* Resources */,
			);
			buildRules = (
			);
			dependencies = (
			);
			name = DataCustom;
			productName = DataCustom;
			productReference = 9BF13C3023CF54E300257B58 /* DataCustom.app */;
			productType = "com.apple.product-type.application";
		};
/* End PBXNativeTarget section */

/* Begin PBXProject section */
		9BF13C2823CF54E300257B58 /* Project object */ = {
			isa = PBXProject;
			attributes = {
				LastSwiftUpdateCheck = 1130;
				LastUpgradeCheck = 1130;
				ORGANIZATIONNAME = MacStudent;
				TargetAttributes = {
					9BF13C2F23CF54E300257B58 = {
						CreatedOnToolsVersion = 11.3;
					};
				};
			};
			buildConfigurationList = 9BF13C2B23CF54E300257B58 /* Build configuration list for PBXProject "DataCustom" */;
			compatibilityVersion = "Xcode 9.3";
			developmentRegion = en;
			hasScannedForEncodings = 0;
			knownRegions = (
				en,
				Base,
			);
			mainGroup = 9BF13C2723CF54E300257B58;
			productRefGroup = 9BF13C3123CF54E300257B58 /* Products */;
			projectDirPath = "";
			projectRoot = "";
			targets = (
				9BF13C2F23CF54E300257B58 /* DataCustom */,
			);
		};
/* End PBXProject section */

/* Begin PBXResourcesBuildPhase section */
		9BF13C2E23CF54E300257B58 /* Resources */ = {
			isa = PBXResourcesBuildPhase;
			buildActionMask = 2147483647;
			files = (
				9BF13C4023CF54E400257B58 /* LaunchScreen.storyboard in Resources */,
				9BF13C3D23CF54E400257B58 /* Assets.xcassets in Resources */,
				9BF13C3B23CF54E300257B58 /* Main.storyboard in Resources */,
			);
			runOnlyForDeploymentPostprocessing = 0;
		};
/* End PBXResourcesBuildPhase section */

/* Begin PBXSourcesBuildPhase section */
		9BF13C2C23CF54E300257B58 /* Sources */ = {
			isa = PBXSourcesBuildPhase;
			buildActionMask = 2147483647;
			files = (
				9BF13C4E23CF563200257B58 /* CoreDataStack.swift in Sources */,
				9BF13C3423CF54E300257B58 /* AppDelegate.swift in Sources */,
				9BF13C5523CF57B900257B58 /* Student+CoreDataProperties.swift in Sources */,
				9B8511BF23D09BDB00CFDC42 /* MyViewController.swift in Sources */,
				9BF13C5123CF565A00257B58 /* UserData.xcdatamodeld in Sources */,
				9BF13C5423CF57B900257B58 /* Student+CoreDataClass.swift in Sources */,
				9B8511C123D09BFE00CFDC42 /* MyCustomCell.swift in Sources */,
				9BF13C3623CF54E300257B58 /* SceneDelegate.swift in Sources */,
				9B8511C323D09C0C00CFDC42 /* MyDetailViewController.swift in Sources */,
			);
			runOnlyForDeploymentPostprocessing = 0;
		};
/* End PBXSourcesBuildPhase section */

/* Begin PBXVariantGroup section */
		9BF13C3923CF54E300257B58 /* Main.storyboard */ = {
			isa = PBXVariantGroup;
			children = (
				9BF13C3A23CF54E300257B58 /* Base */,
			);
			name = Main.storyboard;
			sourceTree = "<group>";
		};
		9BF13C3E23CF54E400257B58 /* LaunchScreen.storyboard */ = {
			isa = PBXVariantGroup;
			children = (
				9BF13C3F23CF54E400257B58 /* Base */,
			);
			name = LaunchScreen.storyboard;
			sourceTree = "<group>";
		};
/* End PBXVariantGroup section */

/* Begin XCBuildConfiguration section */
		9BF13C4223CF54E400257B58 /* Debug */ = {
			isa = XCBuildConfiguration;
			buildSettings = {
				ALWAYS_SEARCH_USER_PATHS = NO;
				CLANG_ANALYZER_NONNULL = YES;
				CLANG_ANALYZER_NUMBER_OBJECT_CONVERSION = YES_AGGRESSIVE;
				CLANG_CXX_LANGUAGE_STANDARD = "gnu++14";
				CLANG_CXX_LIBRARY = "libc++";
				CLANG_ENABLE_MODULES = YES;
				CLANG_ENABLE_OBJC_ARC = YES;
				CLANG_ENABLE_OBJC_WEAK = YES;
				CLANG_WARN_BLOCK_CAPTURE_AUTORELEASING = YES;
				CLANG_WARN_BOOL_CONVERSION = YES;
				CLANG_WARN_COMMA = YES;
				CLANG_WARN_CONSTANT_CONVERSION = YES;
				CLANG_WARN_DEPRECATED_OBJC_IMPLEMENTATIONS = YES;
				CLANG_WARN_DIRECT_OBJC_ISA_USAGE = YES_ERROR;
				CLANG_WARN_DOCUMENTATION_COMMENTS = YES;
				CLANG_WARN_EMPTY_BODY = YES;
				CLANG_WARN_ENUM_CONVERSION = YES;
				CLANG_WARN_INFINITE_RECURSION = YES;
				CLANG_WARN_INT_CONVERSION = YES;
				CLANG_WARN_NON_LITERAL_NULL_CONVERSION = YES;
				CLANG_WARN_OBJC_IMPLICIT_RETAIN_SELF = YES;
				CLANG_WARN_OBJC_LITERAL_CONVERSION = YES;
				CLANG_WARN_OBJC_ROOT_CLASS = YES_ERROR;
				CLANG_WARN_RANGE_LOOP_ANALYSIS = YES;
				CLANG_WARN_STRICT_PROTOTYPES = YES;
				CLANG_WARN_SUSPICIOUS_MOVE = YES;
				CLANG_WARN_UNGUARDED_AVAILABILITY = YES_AGGRESSIVE;
				CLANG_WARN_UNREACHABLE_CODE = YES;
				CLANG_WARN__DUPLICATE_METHOD_MATCH = YES;
				COPY_PHASE_STRIP = NO;
				DEBUG_INFORMATION_FORMAT = dwarf;
				ENABLE_STRICT_OBJC_MSGSEND = YES;
				ENABLE_TESTABILITY = YES;
				GCC_C_LANGUAGE_STANDARD = gnu11;
				GCC_DYNAMIC_NO_PIC = NO;
				GCC_NO_COMMON_BLOCKS = YES;
				GCC_OPTIMIZATION_LEVEL = 0;
				GCC_PREPROCESSOR_DEFINITIONS = (
					"DEBUG=1",
					"$(inherited)",
				);
				GCC_WARN_64_TO_32_BIT_CONVERSION = YES;
				GCC_WARN_ABOUT_RETURN_TYPE = YES_ERROR;
				GCC_WARN_UNDECLARED_SELECTOR = YES;
				GCC_WARN_UNINITIALIZED_AUTOS = YES_AGGRESSIVE;
				GCC_WARN_UNUSED_FUNCTION = YES;
				GCC_WARN_UNUSED_VARIABLE = YES;
				IPHONEOS_DEPLOYMENT_TARGET = 13.2;
				MTL_ENABLE_DEBUG_INFO = INCLUDE_SOURCE;
				MTL_FAST_MATH = YES;
				ONLY_ACTIVE_ARCH = YES;
				SDKROOT = iphoneos;
				SWIFT_ACTIVE_COMPILATION_CONDITIONS = DEBUG;
				SWIFT_OPTIMIZATION_LEVEL = "-Onone";
			};
			name = Debug;
		};
		9BF13C4323CF54E400257B58 /* Release */ = {
			isa = XCBuildConfiguration;
			buildSettings = {
				ALWAYS_SEARCH_USER_PATHS = NO;
				CLANG_ANALYZER_NONNULL = YES;
				CLANG_ANALYZER_NUMBER_OBJECT_CONVERSION = YES_AGGRESSIVE;
				CLANG_CXX_LANGUAGE_STANDARD = "gnu++14";
				CLANG_CXX_LIBRARY = "libc++";
				CLANG_ENABLE_MODULES = YES;
				CLANG_ENABLE_OBJC_ARC = YES;
				CLANG_ENABLE_OBJC_WEAK = YES;
				CLANG_WARN_BLOCK_CAPTURE_AUTORELEASING = YES;
				CLANG_WARN_BOOL_CONVERSION = YES;
				CLANG_WARN_COMMA = YES;
				CLANG_WARN_CONSTANT_CONVERSION = YES;
				CLANG_WARN_DEPRECATED_OBJC_IMPLEMENTATIONS = YES;
				CLANG_WARN_DIRECT_OBJC_ISA_USAGE = YES_ERROR;
				CLANG_WARN_DOCUMENTATION_COMMENTS = YES;
				CLANG_WARN_EMPTY_BODY = YES;
				CLANG_WARN_ENUM_CONVERSION = YES;
				CLANG_WARN_INFINITE_RECURSION = YES;
				CLANG_WARN_INT_CONVERSION = YES;
				CLANG_WARN_NON_LITERAL_NULL_CONVERSION = YES;
				CLANG_WARN_OBJC_IMPLICIT_RETAIN_SELF = YES;
				CLANG_WARN_OBJC_LITERAL_CONVERSION = YES;
				CLANG_WARN_OBJC_ROOT_CLASS = YES_ERROR;
				CLANG_WARN_RANGE_LOOP_ANALYSIS = YES;
				CLANG_WARN_STRICT_PROTOTYPES = YES;
				CLANG_WARN_SUSPICIOUS_MOVE = YES;
				CLANG_WARN_UNGUARDED_AVAILABILITY = YES_AGGRESSIVE;
				CLANG_WARN_UNREACHABLE_CODE = YES;
				CLANG_WARN__DUPLICATE_METHOD_MATCH = YES;
				COPY_PHASE_STRIP = NO;
				DEBUG_INFORMATION_FORMAT = "dwarf-with-dsym";
				ENABLE_NS_ASSERTIONS = NO;
				ENABLE_STRICT_OBJC_MSGSEND = YES;
				GCC_C_LANGUAGE_STANDARD = gnu11;
				GCC_NO_COMMON_BLOCKS = YES;
				GCC_WARN_64_TO_32_BIT_CONVERSION = YES;
				GCC_WARN_ABOUT_RETURN_TYPE = YES_ERROR;
				GCC_WARN_UNDECLARED_SELECTOR = YES;
				GCC_WARN_UNINITIALIZED_AUTOS = YES_AGGRESSIVE;
				GCC_WARN_UNUSED_FUNCTION = YES;
				GCC_WARN_UNUSED_VARIABLE = YES;
				IPHONEOS_DEPLOYMENT_TARGET = 13.2;
				MTL_ENABLE_DEBUG_INFO = NO;
				MTL_FAST_MATH = YES;
				SDKROOT = iphoneos;
				SWIFT_COMPILATION_MODE = wholemodule;
				SWIFT_OPTIMIZATION_LEVEL = "-O";
				VALIDATE_PRODUCT = YES;
			};
			name = Release;
		};
		9BF13C4523CF54E400257B58 /* Debug */ = {
			isa = XCBuildConfiguration;
			buildSettings = {
				ASSETCATALOG_COMPILER_APPICON_NAME = AppIcon;
				CODE_SIGN_STYLE = Automatic;
				INFOPLIST_FILE = DataCustom/Info.plist;
				LD_RUNPATH_SEARCH_PATHS = (
					"$(inherited)",
					"@executable_path/Frameworks",
				);
				PRODUCT_BUNDLE_IDENTIFIER = CestarCollege.DataCustom;
				PRODUCT_NAME = "$(TARGET_NAME)";
				SWIFT_VERSION = 5.0;
				TARGETED_DEVICE_FAMILY = "1,2";
			};
			name = Debug;
		};
		9BF13C4623CF54E400257B58 /* Release */ = {
			isa = XCBuildConfiguration;
			buildSettings = {
				ASSETCATALOG_COMPILER_APPICON_NAME = AppIcon;
				CODE_SIGN_STYLE = Automatic;
				INFOPLIST_FILE = DataCustom/Info.plist;
				LD_RUNPATH_SEARCH_PATHS = (
					"$(inherited)",
					"@executable_path/Frameworks",
				);
				PRODUCT_BUNDLE_IDENTIFIER = CestarCollege.DataCustom;
				PRODUCT_NAME = "$(TARGET_NAME)";
				SWIFT_VERSION = 5.0;
				TARGETED_DEVICE_FAMILY = "1,2";
			};
			name = Release;
		};
/* End XCBuildConfiguration section */

/* Begin XCConfigurationList section */
		9BF13C2B23CF54E300257B58 /* Build configuration list for PBXProject "DataCustom" */ = {
			isa = XCConfigurationList;
			buildConfigurations = (
				9BF13C4223CF54E400257B58 /* Debug */,
				9BF13C4323CF54E400257B58 /* Release */,
			);
			defaultConfigurationIsVisible = 0;
			defaultConfigurationName = Release;
		};
		9BF13C4423CF54E400257B58 /* Build configuration list for PBXNativeTarget "DataCustom" */ = {
			isa = XCConfigurationList;
			buildConfigurations = (
				9BF13C4523CF54E400257B58 /* Debug */,
				9BF13C4623CF54E400257B58 /* Release */,
			);
			defaultConfigurationIsVisible = 0;
			defaultConfigurationName = Release;
		};
/* End XCConfigurationList section */

/* Begin XCVersionGroup section */
		9BF13C4F23CF565A00257B58 /* UserData.xcdatamodeld */ = {
			isa = XCVersionGroup;
			children = (
				9BF13C5023CF565A00257B58 /* UserData.xcdatamodel */,
			);
			currentVersion = 9BF13C5023CF565A00257B58 /* UserData.xcdatamodel */;
			path = UserData.xcdatamodeld;
			sourceTree = "<group>";
			versionGroupType = wrapper.xcdatamodel;
		};
/* End XCVersionGroup section */
	};
	rootObject = 9BF13C2823CF54E300257B58 /* Project object */;
}
